
Microsoft Visual Studio Solution File, Format Version 12.00
# Visual Studio Version 16
VisualStudioVersion = 16.0.31025.194
MinimumVisualStudioVersion = 10.0.40219.1
Project("{9A19103F-16F7-4668-BE54-9A1E7A4F7556}") = "WorkoutTracking.Data", "WorkoutTracking.Data\WorkoutTracking.Data.csproj", "{F16FF465-596A-4377-A5BB-2463D038D5BE}"
EndProject
Project("{9A19103F-16F7-4668-BE54-9A1E7A4F7556}") = "WorkoutTracking.Application", "WorkoutTracking.Domain\WorkoutTracking.Application.csproj", "{1C337C70-6AD3-4520-830C-9A9736AADA9C}"
EndProject
Project("{9A19103F-16F7-4668-BE54-9A1E7A4F7556}") = "WorkoutTracking.WebApi", "WorkoutTracking.WebApi\WorkoutTracking.WebApi.csproj", "{633230FF-3991-4E68-B7B7-3954FA4ADE0B}"
EndProject
Global
	GlobalSection(SolutionConfigurationPlatforms) = preSolution
		Debug|Any CPU = Debug|Any CPU
		Release|Any CPU = Release|Any CPU
	EndGlobalSection
	GlobalSection(ProjectConfigurationPlatforms) = postSolution
		{F16FF465-596A-4377-A5BB-2463D038D5BE}.Debug|Any CPU.ActiveCfg = Debug|Any CPU
		{F16FF465-596A-4377-A5BB-2463D038D5BE}.Debug|Any CPU.Build.0 = Debug|Any CPU
		{F16FF465-596A-4377-A5BB-2463D038D5BE}.Release|Any CPU.ActiveCfg = Release|Any CPU
		{F16FF465-596A-4377-A5BB-2463D038D5BE}.Release|Any CPU.Build.0 = Release|Any CPU
		{1C337C70-6AD3-4520-830C-9A9736AADA9C}.Debug|Any CPU.ActiveCfg = Debug|Any CPU
		{1C337C70-6AD3-4520-830C-9A9736AADA9C}.Debug|Any CPU.Build.0 = Debug|Any CPU
		{1C337C70-6AD3-4520-830C-9A9736AADA9C}.Release|Any CPU.ActiveCfg = Release|Any CPU
		{1C337C70-6AD3-4520-830C-9A9736AADA9C}.Release|Any CPU.Build.0 = Release|Any CPU
		{633230FF-3991-4E68-B7B7-3954FA4ADE0B}.Debug|Any CPU.ActiveCfg = Debug|Any CPU
		{633230FF-3991-4E68-B7B7-3954FA4ADE0B}.Debug|Any CPU.Build.0 = Debug|Any CPU
		{633230FF-3991-4E68-B7B7-3954FA4ADE0B}.Release|Any CPU.ActiveCfg = Release|Any CPU
		{633230FF-3991-4E68-B7B7-3954FA4ADE0B}.Release|Any CPU.Build.0 = Release|Any CPU
	EndGlobalSection
	GlobalSection(SolutionProperties) = preSolution
		HideSolutionNode = FALSE
	EndGlobalSection
	GlobalSection(ExtensibilityGlobals) = postSolution
		SolutionGuid = {2C494F64-09B7-4CF4-98CA-776B88E4F9B2}
	EndGlobalSection
EndGlobal
